
Microsoft Visual Studio Solution File, Format Version 12.00
# Visual Studio Version 17
VisualStudioVersion = 17.9.34723.18
MinimumVisualStudioVersion = 10.0.40219.1
Project("{FAE04EC0-301F-11D3-BF4B-00C04F79EFBC}") = "FunctionApp1Sum", "FunctionApp1Sum\FunctionApp1Sum.csproj", "{37C05CDB-06D5-4255-8F8E-263A1570624F}"
EndProject
Global
	GlobalSection(SolutionConfigurationPlatforms) = preSolution
		Debug|Any CPU = Debug|Any CPU
		Release|Any CPU = Release|Any CPU
	EndGlobalSection
	GlobalSection(ProjectConfigurationPlatforms) = postSolution
		{37C05CDB-06D5-4255-8F8E-263A1570624F}.Debug|Any CPU.ActiveCfg = Debug|Any CPU
		{37C05CDB-06D5-4255-8F8E-263A1570624F}.Debug|Any CPU.Build.0 = Debug|Any CPU
		{37C05CDB-06D5-4255-8F8E-263A1570624F}.Release|Any CPU.ActiveCfg = Release|Any CPU
		{37C05CDB-06D5-4255-8F8E-263A1570624F}.Release|Any CPU.Build.0 = Release|Any CPU
	EndGlobalSection
	GlobalSection(SolutionProperties) = preSolution
		HideSolutionNode = FALSE
	EndGlobalSection
	GlobalSection(ExtensibilityGlobals) = postSolution
		SolutionGuid = {C1764091-9733-4D60-B407-DF0B115F6D20}
	EndGlobalSection
EndGlobal
